
Microsoft Visual Studio Solution File, Format Version 12.00
# Visual Studio Version 17
VisualStudioVersion = 17.2.32630.192
MinimumVisualStudioVersion = 10.0.40219.1
Project("{FAE04EC0-301F-11D3-BF4B-00C04F79EFBC}") = "BudgetAPI", "BudgetAPI\BudgetAPI.csproj", "{67E98B53-E1AD-4E8E-9873-6C0FF379EE47}"
EndProject
Global
	GlobalSection(SolutionConfigurationPlatforms) = preSolution
		Debug|Any CPU = Debug|Any CPU
		Release|Any CPU = Release|Any CPU
	EndGlobalSection
	GlobalSection(ProjectConfigurationPlatforms) = postSolution
		{67E98B53-E1AD-4E8E-9873-6C0FF379EE47}.Debug|Any CPU.ActiveCfg = Debug|Any CPU
		{67E98B53-E1AD-4E8E-9873-6C0FF379EE47}.Debug|Any CPU.Build.0 = Debug|Any CPU
		{67E98B53-E1AD-4E8E-9873-6C0FF379EE47}.Release|Any CPU.ActiveCfg = Release|Any CPU
		{67E98B53-E1AD-4E8E-9873-6C0FF379EE47}.Release|Any CPU.Build.0 = Release|Any CPU
	EndGlobalSection
	GlobalSection(SolutionProperties) = preSolution
		HideSolutionNode = FALSE
	EndGlobalSection
	GlobalSection(ExtensibilityGlobals) = postSolution
		SolutionGuid = {772120C6-34A6-48CB-995A-08DE0FAAB4C5}
	EndGlobalSection
EndGlobal
